
Microsoft Visual Studio Solution File, Format Version 12.00
# Visual Studio Version 17
VisualStudioVersion = 17.5.33516.290
MinimumVisualStudioVersion = 10.0.40219.1
Project("{FAE04EC0-301F-11D3-BF4B-00C04F79EFBC}") = "Clase3-Debate2.pry", "Clase3-Debate2.pry.csproj", "{D7090727-D473-452B-92FE-6CF4B9A79484}"
EndProject
Global
	GlobalSection(SolutionConfigurationPlatforms) = preSolution
		Debug|Any CPU = Debug|Any CPU
		Release|Any CPU = Release|Any CPU
	EndGlobalSection
	GlobalSection(ProjectConfigurationPlatforms) = postSolution
		{D7090727-D473-452B-92FE-6CF4B9A79484}.Debug|Any CPU.ActiveCfg = Debug|Any CPU
		{D7090727-D473-452B-92FE-6CF4B9A79484}.Debug|Any CPU.Build.0 = Debug|Any CPU
		{D7090727-D473-452B-92FE-6CF4B9A79484}.Release|Any CPU.ActiveCfg = Release|Any CPU
		{D7090727-D473-452B-92FE-6CF4B9A79484}.Release|Any CPU.Build.0 = Release|Any CPU
	EndGlobalSection
	GlobalSection(SolutionProperties) = preSolution
		HideSolutionNode = FALSE
	EndGlobalSection
	GlobalSection(ExtensibilityGlobals) = postSolution
		SolutionGuid = {25D9B2A9-785B-42C5-BDFB-A55C44001766}
	EndGlobalSection
EndGlobal
